
Microsoft Visual Studio Solution File, Format Version 12.00
# Visual Studio Version 17
VisualStudioVersion = 17.7.34024.191
MinimumVisualStudioVersion = 10.0.40219.1
Project("{FAE04EC0-301F-11D3-BF4B-00C04F79EFBC}") = "RoomProcess", "RoomProcess\RoomProcess.csproj", "{5B13AF30-5DB1-4886-A9AA-5D1C19B303FE}"
EndProject
Global
	GlobalSection(SolutionConfigurationPlatforms) = preSolution
		Debug|Any CPU = Debug|Any CPU
		Release|Any CPU = Release|Any CPU
	EndGlobalSection
	GlobalSection(ProjectConfigurationPlatforms) = postSolution
		{5B13AF30-5DB1-4886-A9AA-5D1C19B303FE}.Debug|Any CPU.ActiveCfg = Debug|Any CPU
		{5B13AF30-5DB1-4886-A9AA-5D1C19B303FE}.Debug|Any CPU.Build.0 = Debug|Any CPU
		{5B13AF30-5DB1-4886-A9AA-5D1C19B303FE}.Release|Any CPU.ActiveCfg = Release|Any CPU
		{5B13AF30-5DB1-4886-A9AA-5D1C19B303FE}.Release|Any CPU.Build.0 = Release|Any CPU
	EndGlobalSection
	GlobalSection(SolutionProperties) = preSolution
		HideSolutionNode = FALSE
	EndGlobalSection
	GlobalSection(ExtensibilityGlobals) = postSolution
		SolutionGuid = {C0F292FB-22B8-478F-BFFA-60DF26840616}
	EndGlobalSection
EndGlobal
